
Microsoft Visual Studio Solution File, Format Version 12.00
# Visual Studio Version 17
VisualStudioVersion = 17.2.32616.157
MinimumVisualStudioVersion = 10.0.40219.1
Project("{FAE04EC0-301F-11D3-BF4B-00C04F79EFBC}") = "Exams01", "Exams01\Exams01.csproj", "{B869C54C-69AB-4561-A745-BE9A2CA19456}"
EndProject
Global
	GlobalSection(SolutionConfigurationPlatforms) = preSolution
		Debug|Any CPU = Debug|Any CPU
		Release|Any CPU = Release|Any CPU
	EndGlobalSection
	GlobalSection(ProjectConfigurationPlatforms) = postSolution
		{B869C54C-69AB-4561-A745-BE9A2CA19456}.Debug|Any CPU.ActiveCfg = Debug|Any CPU
		{B869C54C-69AB-4561-A745-BE9A2CA19456}.Debug|Any CPU.Build.0 = Debug|Any CPU
		{B869C54C-69AB-4561-A745-BE9A2CA19456}.Release|Any CPU.ActiveCfg = Release|Any CPU
		{B869C54C-69AB-4561-A745-BE9A2CA19456}.Release|Any CPU.Build.0 = Release|Any CPU
	EndGlobalSection
	GlobalSection(SolutionProperties) = preSolution
		HideSolutionNode = FALSE
	EndGlobalSection
	GlobalSection(ExtensibilityGlobals) = postSolution
		SolutionGuid = {45D5015B-B421-467F-8459-57F86F4A9BE5}
	EndGlobalSection
EndGlobal
