
Microsoft Visual Studio Solution File, Format Version 12.00
# Visual Studio Version 17
VisualStudioVersion = 17.2.32616.157
MinimumVisualStudioVersion = 10.0.40219.1
Project("{FAE04EC0-301F-11D3-BF4B-00C04F79EFBC}") = "Exams01", "Exams01\Exams01.csproj", "{B783726D-AC16-4B76-936E-81F3559BA28E}"
EndProject
Project("{FAE04EC0-301F-11D3-BF4B-00C04F79EFBC}") = "Exams03", "Exams03\Exams03.csproj", "{C6AD22EE-BC9A-4D32-B5A4-51E579D6EAC7}"
EndProject
Global
	GlobalSection(SolutionConfigurationPlatforms) = preSolution
		Debug|Any CPU = Debug|Any CPU
		Release|Any CPU = Release|Any CPU
	EndGlobalSection
	GlobalSection(ProjectConfigurationPlatforms) = postSolution
		{B783726D-AC16-4B76-936E-81F3559BA28E}.Debug|Any CPU.ActiveCfg = Debug|Any CPU
		{B783726D-AC16-4B76-936E-81F3559BA28E}.Debug|Any CPU.Build.0 = Debug|Any CPU
		{B783726D-AC16-4B76-936E-81F3559BA28E}.Release|Any CPU.ActiveCfg = Release|Any CPU
		{B783726D-AC16-4B76-936E-81F3559BA28E}.Release|Any CPU.Build.0 = Release|Any CPU
		{C6AD22EE-BC9A-4D32-B5A4-51E579D6EAC7}.Debug|Any CPU.ActiveCfg = Debug|Any CPU
		{C6AD22EE-BC9A-4D32-B5A4-51E579D6EAC7}.Debug|Any CPU.Build.0 = Debug|Any CPU
		{C6AD22EE-BC9A-4D32-B5A4-51E579D6EAC7}.Release|Any CPU.ActiveCfg = Release|Any CPU
		{C6AD22EE-BC9A-4D32-B5A4-51E579D6EAC7}.Release|Any CPU.Build.0 = Release|Any CPU
	EndGlobalSection
	GlobalSection(SolutionProperties) = preSolution
		HideSolutionNode = FALSE
	EndGlobalSection
	GlobalSection(ExtensibilityGlobals) = postSolution
		SolutionGuid = {E0534ACD-1EC6-46FD-9AF6-8D2C5DE844CC}
	EndGlobalSection
EndGlobal
