
Microsoft Visual Studio Solution File, Format Version 12.00
# Visual Studio Version 17
VisualStudioVersion = 17.2.32616.157
MinimumVisualStudioVersion = 10.0.40219.1
Project("{FAE04EC0-301F-11D3-BF4B-00C04F79EFBC}") = "Exams01", "Exams01\Exams01.csproj", "{7CAC523F-B6EE-4C19-8789-68230C6B0A93}"
EndProject
Global
	GlobalSection(SolutionConfigurationPlatforms) = preSolution
		Debug|Any CPU = Debug|Any CPU
		Release|Any CPU = Release|Any CPU
	EndGlobalSection
	GlobalSection(ProjectConfigurationPlatforms) = postSolution
		{7CAC523F-B6EE-4C19-8789-68230C6B0A93}.Debug|Any CPU.ActiveCfg = Debug|Any CPU
		{7CAC523F-B6EE-4C19-8789-68230C6B0A93}.Debug|Any CPU.Build.0 = Debug|Any CPU
		{7CAC523F-B6EE-4C19-8789-68230C6B0A93}.Release|Any CPU.ActiveCfg = Release|Any CPU
		{7CAC523F-B6EE-4C19-8789-68230C6B0A93}.Release|Any CPU.Build.0 = Release|Any CPU
	EndGlobalSection
	GlobalSection(SolutionProperties) = preSolution
		HideSolutionNode = FALSE
	EndGlobalSection
	GlobalSection(ExtensibilityGlobals) = postSolution
		SolutionGuid = {28BF7658-629A-44F9-BADD-7BA344E5B74A}
	EndGlobalSection
EndGlobal
